// !$*UTF8*$!
{
	archiveVersion = 1;
	classes = {
	};
	objectVersion = 50;
	objects = {

/* Begin PBXBuildFile section */
		1E84F7432456FF99005AFC5F /* AppDelegate.swift in Sources */ = {isa = PBXBuildFile; fileRef = 1E84F7422456FF99005AFC5F /* AppDelegate.swift */; };
		1E84F7452456FF99005AFC5F /* SceneDelegate.swift in Sources */ = {isa = PBXBuildFile; fileRef = 1E84F7442456FF99005AFC5F /* SceneDelegate.swift */; };
		1E84F74A2456FF99005AFC5F /* Main.storyboard in Resources */ = {isa = PBXBuildFile; fileRef = 1E84F7482456FF99005AFC5F /* Main.storyboard */; };
		1E84F74C2456FF9B005AFC5F /* Assets.xcassets in Resources */ = {isa = PBXBuildFile; fileRef = 1E84F74B2456FF9B005AFC5F /* Assets.xcassets */; };
		1E84F74F2456FF9B005AFC5F /* LaunchScreen.storyboard in Resources */ = {isa = PBXBuildFile; fileRef = 1E84F74D2456FF9B005AFC5F /* LaunchScreen.storyboard */; };
		1E84F75A2456FF9B005AFC5F /* MetronomeTests.swift in Sources */ = {isa = PBXBuildFile; fileRef = 1E84F7592456FF9B005AFC5F /* MetronomeTests.swift */; };
		1E84F7652457016C005AFC5F /* MusicCell.swift in Sources */ = {isa = PBXBuildFile; fileRef = 1E84F7642457016C005AFC5F /* MusicCell.swift */; };
		1E84F76724570638005AFC5F /* MusicKind.swift in Sources */ = {isa = PBXBuildFile; fileRef = 1E84F76624570638005AFC5F /* MusicKind.swift */; };
		1E84F7692457067E005AFC5F /* MusicKindCell.swift in Sources */ = {isa = PBXBuildFile; fileRef = 1E84F7682457067E005AFC5F /* MusicKindCell.swift */; };
/* End PBXBuildFile section */

/* Begin PBXContainerItemProxy section */
		1E84F7562456FF9B005AFC5F /* PBXContainerItemProxy */ = {
			isa = PBXContainerItemProxy;
			containerPortal = 1E84F7372456FF99005AFC5F /* Project object */;
			proxyType = 1;
			remoteGlobalIDString = 1E84F73E2456FF99005AFC5F;
			remoteInfo = Metronome;
		};
/* End PBXContainerItemProxy section */

/* Begin PBXFileReference section */
		1E84F73F2456FF99005AFC5F /* Metronome.app */ = {isa = PBXFileReference; explicitFileType = wrapper.application; includeInIndex = 0; path = Metronome.app; sourceTree = BUILT_PRODUCTS_DIR; };
		1E84F7422456FF99005AFC5F /* AppDelegate.swift */ = {isa = PBXFileReference; lastKnownFileType = sourcecode.swift; path = AppDelegate.swift; sourceTree = "<group>"; };
		1E84F7442456FF99005AFC5F /* SceneDelegate.swift */ = {isa = PBXFileReference; lastKnownFileType = sourcecode.swift; path = SceneDelegate.swift; sourceTree = "<group>"; };
		1E84F7492456FF99005AFC5F /* Base */ = {isa = PBXFileReference; lastKnownFileType = file.storyboard; name = Base; path = Base.lproj/Main.storyboard; sourceTree = "<group>"; };
		1E84F74B2456FF9B005AFC5F /* Assets.xcassets */ = {isa = PBXFileReference; lastKnownFileType = folder.assetcatalog; path = Assets.xcassets; sourceTree = "<group>"; };
		1E84F74E2456FF9B005AFC5F /* Base */ = {isa = PBXFileReference; lastKnownFileType = file.storyboard; name = Base; path = Base.lproj/LaunchScreen.storyboard; sourceTree = "<group>"; };
		1E84F7502456FF9B005AFC5F /* Info.plist */ = {isa = PBXFileReference; lastKnownFileType = text.plist.xml; path = Info.plist; sourceTree = "<group>"; };
		1E84F7552456FF9B005AFC5F /* MetronomeTests.xctest */ = {isa = PBXFileReference; explicitFileType = wrapper.cfbundle; includeInIndex = 0; path = MetronomeTests.xctest; sourceTree = BUILT_PRODUCTS_DIR; };
		1E84F7592456FF9B005AFC5F /* MetronomeTests.swift */ = {isa = PBXFileReference; lastKnownFileType = sourcecode.swift; path = MetronomeTests.swift; sourceTree = "<group>"; };
		1E84F75B2456FF9B005AFC5F /* Info.plist */ = {isa = PBXFileReference; lastKnownFileType = text.plist.xml; path = Info.plist; sourceTree = "<group>"; };
		1E84F7642457016C005AFC5F /* MusicCell.swift */ = {isa = PBXFileReference; lastKnownFileType = sourcecode.swift; path = MusicCell.swift; sourceTree = "<group>"; };
		1E84F76624570638005AFC5F /* MusicKind.swift */ = {isa = PBXFileReference; lastKnownFileType = sourcecode.swift; path = MusicKind.swift; sourceTree = "<group>"; };
		1E84F7682457067E005AFC5F /* MusicKindCell.swift */ = {isa = PBXFileReference; lastKnownFileType = sourcecode.swift; path = MusicKindCell.swift; sourceTree = "<group>"; };
/* End PBXFileReference section */

/* Begin PBXFrameworksBuildPhase section */
		1E84F73C2456FF99005AFC5F /* Frameworks */ = {
			isa = PBXFrameworksBuildPhase;
			buildActionMask = 2147483647;
			files = (
			);
			runOnlyForDeploymentPostprocessing = 0;
		};
		1E84F7522456FF9B005AFC5F /* Frameworks */ = {
			isa = PBXFrameworksBuildPhase;
			buildActionMask = 2147483647;
			files = (
			);
			runOnlyForDeploymentPostprocessing = 0;
		};
/* End PBXFrameworksBuildPhase section */

/* Begin PBXGroup section */
		1E84F7362456FF99005AFC5F = {
			isa = PBXGroup;
			children = (
				1E84F7412456FF99005AFC5F /* Metronome */,
				1E84F7582456FF9B005AFC5F /* MetronomeTests */,
				1E84F7402456FF99005AFC5F /* Products */,
			);
			sourceTree = "<group>";
		};
		1E84F7402456FF99005AFC5F /* Products */ = {
			isa = PBXGroup;
			children = (
				1E84F73F2456FF99005AFC5F /* Metronome.app */,
				1E84F7552456FF9B005AFC5F /* MetronomeTests.xctest */,
			);
			name = Products;
			sourceTree = "<group>";
		};
		1E84F7412456FF99005AFC5F /* Metronome */ = {
			isa = PBXGroup;
			children = (
				1E84F76A24570C0C005AFC5F /* Model */,
				1E84F76C24570C1F005AFC5F /* View */,
				1E84F76B24570C15005AFC5F /* Controller */,
				1E84F76D24570C29005AFC5F /* Supporting Files */,
				1E84F7502456FF9B005AFC5F /* Info.plist */,
			);
			path = Metronome;
			sourceTree = "<group>";
		};
		1E84F7582456FF9B005AFC5F /* MetronomeTests */ = {
			isa = PBXGroup;
			children = (
				1E84F7592456FF9B005AFC5F /* MetronomeTests.swift */,
				1E84F75B2456FF9B005AFC5F /* Info.plist */,
			);
			path = MetronomeTests;
			sourceTree = "<group>";
		};
		1E84F76A24570C0C005AFC5F /* Model */ = {
			isa = PBXGroup;
			children = (
			);
			path = Model;
			sourceTree = "<group>";
		};
		1E84F76B24570C15005AFC5F /* Controller */ = {
			isa = PBXGroup;
			children = (
				1E84F76624570638005AFC5F /* MusicKind.swift */,
				1E84F7642457016C005AFC5F /* MusicCell.swift */,
				1E84F7682457067E005AFC5F /* MusicKindCell.swift */,
			);
			path = Controller;
			sourceTree = "<group>";
		};
		1E84F76C24570C1F005AFC5F /* View */ = {
			isa = PBXGroup;
			children = (
				1E84F7482456FF99005AFC5F /* Main.storyboard */,
				1E84F74D2456FF9B005AFC5F /* LaunchScreen.storyboard */,
			);
			path = View;
			sourceTree = "<group>";
		};
		1E84F76D24570C29005AFC5F /* Supporting Files */ = {
			isa = PBXGroup;
			children = (
				1E84F7422456FF99005AFC5F /* AppDelegate.swift */,
				1E84F7442456FF99005AFC5F /* SceneDelegate.swift */,
				1E84F74B2456FF9B005AFC5F /* Assets.xcassets */,
			);
			path = "Supporting Files";
			sourceTree = "<group>";
		};
/* End PBXGroup section */

/* Begin PBXNativeTarget section */
		1E84F73E2456FF99005AFC5F /* Metronome */ = {
			isa = PBXNativeTarget;
			buildConfigurationList = 1E84F75E2456FF9B005AFC5F /* Build configuration list for PBXNativeTarget "Metronome" */;
			buildPhases = (
				1E84F73B2456FF99005AFC5F /* Sources */,
				1E84F73C2456FF99005AFC5F /* Frameworks */,
				1E84F73D2456FF99005AFC5F /* Resources */,
			);
			buildRules = (
			);
			dependencies = (
			);
			name = Metronome;
			productName = Metronome;
			productReference = 1E84F73F2456FF99005AFC5F /* Metronome.app */;
			productType = "com.apple.product-type.application";
		};
		1E84F7542456FF9B005AFC5F /* MetronomeTests */ = {
			isa = PBXNativeTarget;
			buildConfigurationList = 1E84F7612456FF9B005AFC5F /* Build configuration list for PBXNativeTarget "MetronomeTests" */;
			buildPhases = (
				1E84F7512456FF9B005AFC5F /* Sources */,
				1E84F7522456FF9B005AFC5F /* Frameworks */,
				1E84F7532456FF9B005AFC5F /* Resources */,
			);
			buildRules = (
			);
			dependencies = (
				1E84F7572456FF9B005AFC5F /* PBXTargetDependency */,
			);
			name = MetronomeTests;
			productName = MetronomeTests;
			productReference = 1E84F7552456FF9B005AFC5F /* MetronomeTests.xctest */;
			productType = "com.apple.product-type.bundle.unit-test";
		};
/* End PBXNativeTarget section */

/* Begin PBXProject section */
		1E84F7372456FF99005AFC5F /* Project object */ = {
			isa = PBXProject;
			attributes = {
				LastSwiftUpdateCheck = 1130;
				LastUpgradeCheck = 1130;
				ORGANIZATIONNAME = "Bouziane Bey";
				TargetAttributes = {
					1E84F73E2456FF99005AFC5F = {
						CreatedOnToolsVersion = 11.3;
					};
					1E84F7542456FF9B005AFC5F = {
						CreatedOnToolsVersion = 11.3;
						TestTargetID = 1E84F73E2456FF99005AFC5F;
					};
				};
			};
			buildConfigurationList = 1E84F73A2456FF99005AFC5F /* Build configuration list for PBXProject "Metronome" */;
			compatibilityVersion = "Xcode 9.3";
			developmentRegion = en;
			hasScannedForEncodings = 0;
			knownRegions = (
				en,
				Base,
			);
			mainGroup = 1E84F7362456FF99005AFC5F;
			productRefGroup = 1E84F7402456FF99005AFC5F /* Products */;
			projectDirPath = "";
			projectRoot = "";
			targets = (
				1E84F73E2456FF99005AFC5F /* Metronome */,
				1E84F7542456FF9B005AFC5F /* MetronomeTests */,
			);
		};
/* End PBXProject section */

/* Begin PBXResourcesBuildPhase section */
		1E84F73D2456FF99005AFC5F /* Resources */ = {
			isa = PBXResourcesBuildPhase;
			buildActionMask = 2147483647;
			files = (
				1E84F74F2456FF9B005AFC5F /* LaunchScreen.storyboard in Resources */,
				1E84F74C2456FF9B005AFC5F /* Assets.xcassets in Resources */,
				1E84F74A2456FF99005AFC5F /* Main.storyboard in Resources */,
			);
			runOnlyForDeploymentPostprocessing = 0;
		};
		1E84F7532456FF9B005AFC5F /* Resources */ = {
			isa = PBXResourcesBuildPhase;
			buildActionMask = 2147483647;
			files = (
			);
			runOnlyForDeploymentPostprocessing = 0;
		};
/* End PBXResourcesBuildPhase section */

/* Begin PBXSourcesBuildPhase section */
		1E84F73B2456FF99005AFC5F /* Sources */ = {
			isa = PBXSourcesBuildPhase;
			buildActionMask = 2147483647;
			files = (
				1E84F7432456FF99005AFC5F /* AppDelegate.swift in Sources */,
				1E84F7452456FF99005AFC5F /* SceneDelegate.swift in Sources */,
				1E84F7652457016C005AFC5F /* MusicCell.swift in Sources */,
				1E84F76724570638005AFC5F /* MusicKind.swift in Sources */,
				1E84F7692457067E005AFC5F /* MusicKindCell.swift in Sources */,
			);
			runOnlyForDeploymentPostprocessing = 0;
		};
		1E84F7512456FF9B005AFC5F /* Sources */ = {
			isa = PBXSourcesBuildPhase;
			buildActionMask = 2147483647;
			files = (
				1E84F75A2456FF9B005AFC5F /* MetronomeTests.swift in Sources */,
			);
			runOnlyForDeploymentPostprocessing = 0;
		};
/* End PBXSourcesBuildPhase section */

/* Begin PBXTargetDependency section */
		1E84F7572456FF9B005AFC5F /* PBXTargetDependency */ = {
			isa = PBXTargetDependency;
			target = 1E84F73E2456FF99005AFC5F /* Metronome */;
			targetProxy = 1E84F7562456FF9B005AFC5F /* PBXContainerItemProxy */;
		};
/* End PBXTargetDependency section */

/* Begin PBXVariantGroup section */
		1E84F7482456FF99005AFC5F /* Main.storyboard */ = {
			isa = PBXVariantGroup;
			children = (
				1E84F7492456FF99005AFC5F /* Base */,
			);
			name = Main.storyboard;
			sourceTree = "<group>";
		};
		1E84F74D2456FF9B005AFC5F /* LaunchScreen.storyboard */ = {
			isa = PBXVariantGroup;
			children = (
				1E84F74E2456FF9B005AFC5F /* Base */,
			);
			name = LaunchScreen.storyboard;
			sourceTree = "<group>";
		};
/* End PBXVariantGroup section */

/* Begin XCBuildConfiguration section */
		1E84F75C2456FF9B005AFC5F /* Debug */ = {
			isa = XCBuildConfiguration;
			buildSettings = {
				ALWAYS_SEARCH_USER_PATHS = NO;
				CLANG_ANALYZER_NONNULL = YES;
				CLANG_ANALYZER_NUMBER_OBJECT_CONVERSION = YES_AGGRESSIVE;
				CLANG_CXX_LANGUAGE_STANDARD = "gnu++14";
				CLANG_CXX_LIBRARY = "libc++";
				CLANG_ENABLE_MODULES = YES;
				CLANG_ENABLE_OBJC_ARC = YES;
				CLANG_ENABLE_OBJC_WEAK = YES;
				CLANG_WARN_BLOCK_CAPTURE_AUTORELEASING = YES;
				CLANG_WARN_BOOL_CONVERSION = YES;
				CLANG_WARN_COMMA = YES;
				CLANG_WARN_CONSTANT_CONVERSION = YES;
				CLANG_WARN_DEPRECATED_OBJC_IMPLEMENTATIONS = YES;
				CLANG_WARN_DIRECT_OBJC_ISA_USAGE = YES_ERROR;
				CLANG_WARN_DOCUMENTATION_COMMENTS = YES;
				CLANG_WARN_EMPTY_BODY = YES;
				CLANG_WARN_ENUM_CONVERSION = YES;
				CLANG_WARN_INFINITE_RECURSION = YES;
				CLANG_WARN_INT_CONVERSION = YES;
				CLANG_WARN_NON_LITERAL_NULL_CONVERSION = YES;
				CLANG_WARN_OBJC_IMPLICIT_RETAIN_SELF = YES;
				CLANG_WARN_OBJC_LITERAL_CONVERSION = YES;
				CLANG_WARN_OBJC_ROOT_CLASS = YES_ERROR;
				CLANG_WARN_RANGE_LOOP_ANALYSIS = YES;
				CLANG_WARN_STRICT_PROTOTYPES = YES;
				CLANG_WARN_SUSPICIOUS_MOVE = YES;
				CLANG_WARN_UNGUARDED_AVAILABILITY = YES_AGGRESSIVE;
				CLANG_WARN_UNREACHABLE_CODE = YES;
				CLANG_WARN__DUPLICATE_METHOD_MATCH = YES;
				COPY_PHASE_STRIP = NO;
				DEBUG_INFORMATION_FORMAT = dwarf;
				ENABLE_STRICT_OBJC_MSGSEND = YES;
				ENABLE_TESTABILITY = YES;
				GCC_C_LANGUAGE_STANDARD = gnu11;
				GCC_DYNAMIC_NO_PIC = NO;
				GCC_NO_COMMON_BLOCKS = YES;
				GCC_OPTIMIZATION_LEVEL = 0;
				GCC_PREPROCESSOR_DEFINITIONS = (
					"DEBUG=1",
					"$(inherited)",
				);
				GCC_WARN_64_TO_32_BIT_CONVERSION = YES;
				GCC_WARN_ABOUT_RETURN_TYPE = YES_ERROR;
				GCC_WARN_UNDECLARED_SELECTOR = YES;
				GCC_WARN_UNINITIALIZED_AUTOS = YES_AGGRESSIVE;
				GCC_WARN_UNUSED_FUNCTION = YES;
				GCC_WARN_UNUSED_VARIABLE = YES;
				IPHONEOS_DEPLOYMENT_TARGET = 13.2;
				MTL_ENABLE_DEBUG_INFO = INCLUDE_SOURCE;
				MTL_FAST_MATH = YES;
				ONLY_ACTIVE_ARCH = YES;
				SDKROOT = iphoneos;
				SWIFT_ACTIVE_COMPILATION_CONDITIONS = DEBUG;
				SWIFT_OPTIMIZATION_LEVEL = "-Onone";
			};
			name = Debug;
		};
		1E84F75D2456FF9B005AFC5F /* Release */ = {
			isa = XCBuildConfiguration;
			buildSettings = {
				ALWAYS_SEARCH_USER_PATHS = NO;
				CLANG_ANALYZER_NONNULL = YES;
				CLANG_ANALYZER_NUMBER_OBJECT_CONVERSION = YES_AGGRESSIVE;
				CLANG_CXX_LANGUAGE_STANDARD = "gnu++14";
				CLANG_CXX_LIBRARY = "libc++";
				CLANG_ENABLE_MODULES = YES;
				CLANG_ENABLE_OBJC_ARC = YES;
				CLANG_ENABLE_OBJC_WEAK = YES;
				CLANG_WARN_BLOCK_CAPTURE_AUTORELEASING = YES;
				CLANG_WARN_BOOL_CONVERSION = YES;
				CLANG_WARN_COMMA = YES;
				CLANG_WARN_CONSTANT_CONVERSION = YES;
				CLANG_WARN_DEPRECATED_OBJC_IMPLEMENTATIONS = YES;
				CLANG_WARN_DIRECT_OBJC_ISA_USAGE = YES_ERROR;
				CLANG_WARN_DOCUMENTATION_COMMENTS = YES;
				CLANG_WARN_EMPTY_BODY = YES;
				CLANG_WARN_ENUM_CONVERSION = YES;
				CLANG_WARN_INFINITE_RECURSION = YES;
				CLANG_WARN_INT_CONVERSION = YES;
				CLANG_WARN_NON_LITERAL_NULL_CONVERSION = YES;
				CLANG_WARN_OBJC_IMPLICIT_RETAIN_SELF = YES;
				CLANG_WARN_OBJC_LITERAL_CONVERSION = YES;
				CLANG_WARN_OBJC_ROOT_CLASS = YES_ERROR;
				CLANG_WARN_RANGE_LOOP_ANALYSIS = YES;
				CLANG_WARN_STRICT_PROTOTYPES = YES;
				CLANG_WARN_SUSPICIOUS_MOVE = YES;
				CLANG_WARN_UNGUARDED_AVAILABILITY = YES_AGGRESSIVE;
				CLANG_WARN_UNREACHABLE_CODE = YES;
				CLANG_WARN__DUPLICATE_METHOD_MATCH = YES;
				COPY_PHASE_STRIP = NO;
				DEBUG_INFORMATION_FORMAT = "dwarf-with-dsym";
				ENABLE_NS_ASSERTIONS = NO;
				ENABLE_STRICT_OBJC_MSGSEND = YES;
				GCC_C_LANGUAGE_STANDARD = gnu11;
				GCC_NO_COMMON_BLOCKS = YES;
				GCC_WARN_64_TO_32_BIT_CONVERSION = YES;
				GCC_WARN_ABOUT_RETURN_TYPE = YES_ERROR;
				GCC_WARN_UNDECLARED_SELECTOR = YES;
				GCC_WARN_UNINITIALIZED_AUTOS = YES_AGGRESSIVE;
				GCC_WARN_UNUSED_FUNCTION = YES;
				GCC_WARN_UNUSED_VARIABLE = YES;
				IPHONEOS_DEPLOYMENT_TARGET = 13.2;
				MTL_ENABLE_DEBUG_INFO = NO;
				MTL_FAST_MATH = YES;
				SDKROOT = iphoneos;
				SWIFT_COMPILATION_MODE = wholemodule;
				SWIFT_OPTIMIZATION_LEVEL = "-O";
				VALIDATE_PRODUCT = YES;
			};
			name = Release;
		};
		1E84F75F2456FF9B005AFC5F /* Debug */ = {
			isa = XCBuildConfiguration;
			buildSettings = {
				ASSETCATALOG_COMPILER_APPICON_NAME = AppIcon;
				CODE_SIGN_STYLE = Automatic;
				DEVELOPMENT_TEAM = A3RAQWYND3;
				INFOPLIST_FILE = Metronome/Info.plist;
				LD_RUNPATH_SEARCH_PATHS = (
					"$(inherited)",
					"@executable_path/Frameworks",
				);
				PRODUCT_BUNDLE_IDENTIFIER = BouzianeBey.Metronome;
				PRODUCT_NAME = "$(TARGET_NAME)";
				SWIFT_VERSION = 5.0;
				TARGETED_DEVICE_FAMILY = 1;
			};
			name = Debug;
		};
		1E84F7602456FF9B005AFC5F /* Release */ = {
			isa = XCBuildConfiguration;
			buildSettings = {
				ASSETCATALOG_COMPILER_APPICON_NAME = AppIcon;
				CODE_SIGN_STYLE = Automatic;
				DEVELOPMENT_TEAM = A3RAQWYND3;
				INFOPLIST_FILE = Metronome/Info.plist;
				LD_RUNPATH_SEARCH_PATHS = (
					"$(inherited)",
					"@executable_path/Frameworks",
				);
				PRODUCT_BUNDLE_IDENTIFIER = BouzianeBey.Metronome;
				PRODUCT_NAME = "$(TARGET_NAME)";
				SWIFT_VERSION = 5.0;
				TARGETED_DEVICE_FAMILY = 1;
			};
			name = Release;
		};
		1E84F7622456FF9B005AFC5F /* Debug */ = {
			isa = XCBuildConfiguration;
			buildSettings = {
				ALWAYS_EMBED_SWIFT_STANDARD_LIBRARIES = YES;
				BUNDLE_LOADER = "$(TEST_HOST)";
				CODE_SIGN_STYLE = Automatic;
				DEVELOPMENT_TEAM = A3RAQWYND3;
				INFOPLIST_FILE = MetronomeTests/Info.plist;
				IPHONEOS_DEPLOYMENT_TARGET = 13.2;
				LD_RUNPATH_SEARCH_PATHS = (
					"$(inherited)",
					"@executable_path/Frameworks",
					"@loader_path/Frameworks",
				);
				PRODUCT_BUNDLE_IDENTIFIER = BouzianeBey.MetronomeTests;
				PRODUCT_NAME = "$(TARGET_NAME)";
				SWIFT_VERSION = 5.0;
				TARGETED_DEVICE_FAMILY = "1,2";
				TEST_HOST = "$(BUILT_PRODUCTS_DIR)/Metronome.app/Metronome";
			};
			name = Debug;
		};
		1E84F7632456FF9B005AFC5F /* Release */ = {
			isa = XCBuildConfiguration;
			buildSettings = {
				ALWAYS_EMBED_SWIFT_STANDARD_LIBRARIES = YES;
				BUNDLE_LOADER = "$(TEST_HOST)";
				CODE_SIGN_STYLE = Automatic;
				DEVELOPMENT_TEAM = A3RAQWYND3;
				INFOPLIST_FILE = MetronomeTests/Info.plist;
				IPHONEOS_DEPLOYMENT_TARGET = 13.2;
				LD_RUNPATH_SEARCH_PATHS = (
					"$(inherited)",
					"@executable_path/Frameworks",
					"@loader_path/Frameworks",
				);
				PRODUCT_BUNDLE_IDENTIFIER = BouzianeBey.MetronomeTests;
				PRODUCT_NAME = "$(TARGET_NAME)";
				SWIFT_VERSION = 5.0;
				TARGETED_DEVICE_FAMILY = "1,2";
				TEST_HOST = "$(BUILT_PRODUCTS_DIR)/Metronome.app/Metronome";
			};
			name = Release;
		};
/* End XCBuildConfiguration section */

/* Begin XCConfigurationList section */
		1E84F73A2456FF99005AFC5F /* Build configuration list for PBXProject "Metronome" */ = {
			isa = XCConfigurationList;
			buildConfigurations = (
				1E84F75C2456FF9B005AFC5F /* Debug */,
				1E84F75D2456FF9B005AFC5F /* Release */,
			);
			defaultConfigurationIsVisible = 0;
			defaultConfigurationName = Release;
		};
		1E84F75E2456FF9B005AFC5F /* Build configuration list for PBXNativeTarget "Metronome" */ = {
			isa = XCConfigurationList;
			buildConfigurations = (
				1E84F75F2456FF9B005AFC5F /* Debug */,
				1E84F7602456FF9B005AFC5F /* Release */,
			);
			defaultConfigurationIsVisible = 0;
			defaultConfigurationName = Release;
		};
		1E84F7612456FF9B005AFC5F /* Build configuration list for PBXNativeTarget "MetronomeTests" */ = {
			isa = XCConfigurationList;
			buildConfigurations = (
				1E84F7622456FF9B005AFC5F /* Debug */,
				1E84F7632456FF9B005AFC5F /* Release */,
			);
			defaultConfigurationIsVisible = 0;
			defaultConfigurationName = Release;
		};
/* End XCConfigurationList section */
	};
	rootObject = 1E84F7372456FF99005AFC5F /* Project object */;
}
